{"1.2.0",
[{<<"epgsql">>,{pkg,<<"epgsql">>,<<"4.8.0">>},0},
 {<<"pooler">>,{pkg,<<"pooler">>,<<"1.6.0">>},0},
 {<<"quic">>,{pkg,<<"quic">>,<<"1.6.1">>},1},
 {<<"roadrunner">>,{pkg,<<"roadrunner">>,<<"0.5.0">>},0},
 {<<"telemetry">>,{pkg,<<"telemetry">>,<<"1.4.2">>},1}]}.
[
{pkg_hash,[
 {<<"epgsql">>, <<"C491B141B8C37BCE7B67F2079F168F339BB374A7CF9A286CB3B40AD1CD3FABE5">>},
 {<<"pooler">>, <<"F4F33C94AB3AB82565A2E31CEA9EFE4149A160651F3707A0A2669BC54AAF81C8">>},
 {<<"quic">>, <<"4CE7CE751900205ACBDE083E3766ED2DFF5942AA1ECC0F3FBDC21C5A0C811408">>},
 {<<"roadrunner">>, <<"91129B7229664A29E38ECCF4FEA55B1E50551AA481A8C62D2934A3CB52EE6B05">>},
 {<<"telemetry">>, <<"A0CB522801DFFB1C49FE6E30561BADFFC7B6D0E180DB1300DF759FAA22062855">>}]},
{pkg_hash_ext,[
 {<<"epgsql">>, <<"00E550006A62FB439FC7E879419443C889C34605E9B9DC406029D8BAA1AD79D8">>},
 {<<"pooler">>, <<"748C988FD2928DE9577C882A49621863CAB57809E3E1A88A14C9D3B55C6AB877">>},
 {<<"quic">>, <<"6C9552F1B493D5B892332F64F24F1941611CB91372E7ECF61D7A39720EE40EA9">>},
 {<<"roadrunner">>, <<"D51A0EC0DBC2D0C7BBAB6082756C0F6F2A0916DA3EBCCD98B22DC689BD43A93E">>},
 {<<"telemetry">>, <<"928F6495066506077862C0D1646609EED891A4326BEE3126BA54B60AF61FEBB1">>}]}
].
